{
  "name": "nebula-code",
  "version": "1.0.0",
  "lockfileVersion": 3,
  "requires": true,
  "packages": {
    "": {
      "name": "nebula-code",
      "version": "1.0.0",
      "dependencies": {
        "nebula-code": "file:"
      },
      "engines": {
        "vscode": "^1.60.0"
      }
    },
    "node_modules/nebula-code": {
      "resolved": "",
      "link": true
    }
  }
}
